
Microsoft Visual Studio Solution File, Format Version 12.00
# Visual Studio Version 16
VisualStudioVersion = 16.0.30114.105
MinimumVisualStudioVersion = 10.0.40219.1
Project("{FAE04EC0-301F-11D3-BF4B-00C04F79EFBC}") = "API", "API\API.csproj", "{39FE7E76-D463-4693-A07A-0E0666DC680A}"
EndProject
Project("{FAE04EC0-301F-11D3-BF4B-00C04F79EFBC}") = "Application", "Application\Application.csproj", "{560CE385-193A-4DBE-8932-773F03C3EDF4}"
EndProject
Project("{FAE04EC0-301F-11D3-BF4B-00C04F79EFBC}") = "Domain", "Domain\Domain.csproj", "{DB1A80BF-D7E3-4328-B811-2A96CD2EADFD}"
EndProject
Project("{FAE04EC0-301F-11D3-BF4B-00C04F79EFBC}") = "Persistence", "Persistence\Persistence.csproj", "{43109669-2DDC-4E47-80EA-AB7A56EC32A5}"
EndProject
Global
	GlobalSection(SolutionConfigurationPlatforms) = preSolution
		Debug|Any CPU = Debug|Any CPU
		Release|Any CPU = Release|Any CPU
	EndGlobalSection
	GlobalSection(SolutionProperties) = preSolution
		HideSolutionNode = FALSE
	EndGlobalSection
	GlobalSection(ProjectConfigurationPlatforms) = postSolution
		{39FE7E76-D463-4693-A07A-0E0666DC680A}.Debug|Any CPU.ActiveCfg = Debug|Any CPU
		{39FE7E76-D463-4693-A07A-0E0666DC680A}.Debug|Any CPU.Build.0 = Debug|Any CPU
		{39FE7E76-D463-4693-A07A-0E0666DC680A}.Release|Any CPU.ActiveCfg = Release|Any CPU
		{39FE7E76-D463-4693-A07A-0E0666DC680A}.Release|Any CPU.Build.0 = Release|Any CPU
		{560CE385-193A-4DBE-8932-773F03C3EDF4}.Debug|Any CPU.ActiveCfg = Debug|Any CPU
		{560CE385-193A-4DBE-8932-773F03C3EDF4}.Debug|Any CPU.Build.0 = Debug|Any CPU
		{560CE385-193A-4DBE-8932-773F03C3EDF4}.Release|Any CPU.ActiveCfg = Release|Any CPU
		{560CE385-193A-4DBE-8932-773F03C3EDF4}.Release|Any CPU.Build.0 = Release|Any CPU
		{DB1A80BF-D7E3-4328-B811-2A96CD2EADFD}.Debug|Any CPU.ActiveCfg = Debug|Any CPU
		{DB1A80BF-D7E3-4328-B811-2A96CD2EADFD}.Debug|Any CPU.Build.0 = Debug|Any CPU
		{DB1A80BF-D7E3-4328-B811-2A96CD2EADFD}.Release|Any CPU.ActiveCfg = Release|Any CPU
		{DB1A80BF-D7E3-4328-B811-2A96CD2EADFD}.Release|Any CPU.Build.0 = Release|Any CPU
		{43109669-2DDC-4E47-80EA-AB7A56EC32A5}.Debug|Any CPU.ActiveCfg = Debug|Any CPU
		{43109669-2DDC-4E47-80EA-AB7A56EC32A5}.Debug|Any CPU.Build.0 = Debug|Any CPU
		{43109669-2DDC-4E47-80EA-AB7A56EC32A5}.Release|Any CPU.ActiveCfg = Release|Any CPU
		{43109669-2DDC-4E47-80EA-AB7A56EC32A5}.Release|Any CPU.Build.0 = Release|Any CPU
	EndGlobalSection
EndGlobal
